{
  "requires": true,
  "lockfileVersion": 1,
  "dependencies": {
    "govuk_frontend_toolkit": {
      "version": "9.0.1",
      "resolved": "https://registry.npmjs.org/govuk_frontend_toolkit/-/govuk_frontend_toolkit-9.0.1.tgz",
      "integrity": "sha512-ItW0GZ4j2bgXrWg0m4Yj31gmb3HtDLWQvFMPt3ZV8YCNKviFsDvRnoerzz8PBwfK74lOPpHL+2FtYDG8XVrYpg=="
    }
  }
}
