{
    "_readme": [
        "This file locks the dependencies of your project to a known state",
        "Read more about it at https://getcomposer.org/doc/01-basic-usage.md#installing-dependencies",
        "This file is @generated automatically"
    ],
    "content-hash": "0733c874ca3598cc9600d5fab1700985",
    "packages": [
        {
            "name": "psr/log",
            "version": "1.1.4",
            "source": {
                "type": "git",
                "url": "https://github.com/php-fig/log.git",
                "reference": "d49695b909c3b7628b6289db5479a1c204601f11"
            },
            "dist": {
                "type": "zip",
                "url": "https://api.github.com/repos/php-fig/log/zipball/d49695b909c3b7628b6289db5479a1c204601f11",
                "reference": "d49695b909c3b7628b6289db5479a1c204601f11",
                "shasum": ""
            },
            "require": {
                "php": ">=5.3.0"
            },
            "type": "library",
            "extra": {
                "branch-alias": {
                    "dev-master": "1.1.x-dev"
                }
            },
            "autoload": {
                "psr-4": {
                    "Psr\\Log\\": "Psr/Log/"
                }
            },
            "notification-url": "https://packagist.org/downloads/",
            "license": [
                "MIT"
            ],
            "authors": [
                {
                    "name": "PHP-FIG",
                    "homepage": "https://www.php-fig.org/"
                }
            ],
            "description": "Common interface for logging libraries",
            "homepage": "https://github.com/php-fig/log",
            "keywords": [
                "log",
                "psr",
                "psr-3"
            ],
            "support": {
                "source": "https://github.com/php-fig/log/tree/1.1.4"
            },
            "time": "2021-05-03T11:20:27+00:00"
        },
        {
            "name": "pubnub/pubnub",
            "version": "6.1.0",
            "source": {
                "type": "git",
                "url": "https://github.com/pubnub/php.git",
                "reference": "ed009abaaefbeb7f6bcf5b8e3419e61d2f4acfc2"
            },
            "dist": {
                "type": "zip",
                "url": "https://api.github.com/repos/pubnub/php/zipball/ed009abaaefbeb7f6bcf5b8e3419e61d2f4acfc2",
                "reference": "ed009abaaefbeb7f6bcf5b8e3419e61d2f4acfc2",
                "shasum": ""
            },
            "require": {
                "php": "^7.4|>=8.0",
                "psr/log": "^1.1|^2.0|^3.0",
                "rmccue/requests": "^2.0"
            },
            "require-dev": {
                "monolog/monolog": "^2.9 || ^3.0",
                "phpstan/phpstan": "^1.8",
                "phpunit/phpunit": "^9.5",
                "squizlabs/php_codesniffer": "^3.7"
            },
            "type": "library",
            "autoload": {
                "psr-4": {
                    "PubNub\\": "src/PubNub"
                }
            },
            "notification-url": "https://packagist.org/downloads/",
            "license": [
                "MIT"
            ],
            "authors": [
                {
                    "name": "PubNub",
                    "email": "support@pubnub.com"
                }
            ],
            "description": "The Only Global Network For Real-Time Data -- PubNub!",
            "homepage": "http://www.pubnub.com/",
            "keywords": [
                "ajax",
                "api",
                "push",
                "real time",
                "real-time",
                "realtime"
            ],
            "support": {
                "issues": "https://github.com/pubnub/php/issues",
                "source": "https://github.com/pubnub/php/tree/v6.1.0"
            },
            "time": "2023-10-16T13:34:51+00:00"
        },
        {
            "name": "rmccue/requests",
            "version": "v2.0.9",
            "source": {
                "type": "git",
                "url": "https://github.com/WordPress/Requests.git",
                "reference": "422612952ff3bd5163039f8889eaaaab95a432eb"
            },
            "dist": {
                "type": "zip",
                "url": "https://api.github.com/repos/WordPress/Requests/zipball/422612952ff3bd5163039f8889eaaaab95a432eb",
                "reference": "422612952ff3bd5163039f8889eaaaab95a432eb",
                "shasum": ""
            },
            "require": {
                "ext-json": "*",
                "php": ">=5.6"
            },
            "require-dev": {
                "dealerdirect/phpcodesniffer-composer-installer": "^0.7",
                "php-parallel-lint/php-console-highlighter": "^0.5.0",
                "php-parallel-lint/php-parallel-lint": "^1.3.1",
                "phpcompatibility/php-compatibility": "^9.0",
                "requests/test-server": "dev-main",
                "roave/security-advisories": "dev-latest",
                "squizlabs/php_codesniffer": "^3.6",
                "wp-coding-standards/wpcs": "^2.0",
                "yoast/phpunit-polyfills": "^1.0.0"
            },
            "suggest": {
                "art4/requests-psr18-adapter": "For using Requests as a PSR-18 HTTP Client",
                "ext-curl": "For improved performance",
                "ext-openssl": "For secure transport support",
                "ext-zlib": "For improved performance when decompressing encoded streams"
            },
            "type": "library",
            "autoload": {
                "files": [
                    "library/Deprecated.php"
                ],
                "psr-4": {
                    "WpOrg\\Requests\\": "src/"
                },
                "classmap": [
                    "library/Requests.php"
                ]
            },
            "notification-url": "https://packagist.org/downloads/",
            "license": [
                "ISC"
            ],
            "authors": [
                {
                    "name": "Ryan McCue",
                    "homepage": "https://rmccue.io/"
                },
                {
                    "name": "Alain Schlesser",
                    "homepage": "https://github.com/schlessera"
                },
                {
                    "name": "Juliette Reinders Folmer",
                    "homepage": "https://github.com/jrfnl"
                },
                {
                    "name": "Contributors",
                    "homepage": "https://github.com/WordPress/Requests/graphs/contributors"
                }
            ],
            "description": "A HTTP library written in PHP, for human beings.",
            "homepage": "https://requests.ryanmccue.info/",
            "keywords": [
                "curl",
                "fsockopen",
                "http",
                "idna",
                "ipv6",
                "iri",
                "sockets"
            ],
            "support": {
                "docs": "https://requests.ryanmccue.info/",
                "issues": "https://github.com/WordPress/Requests/issues",
                "source": "https://github.com/WordPress/Requests"
            },
            "time": "2023-11-08T19:22:04+00:00"
        }
    ],
    "packages-dev": [],
    "aliases": [],
    "minimum-stability": "stable",
    "stability-flags": [],
    "prefer-stable": false,
    "prefer-lowest": false,
    "platform": [],
    "platform-dev": [],
    "plugin-api-version": "2.6.0"
}
