{
  "name": "par-forms",
  "requires": true,
  "lockfileVersion": 1,
  "dependencies": {
    "ideal-postcodes-autocomplete": {
      "version": "0.2.1",
      "resolved": "https://registry.npmjs.org/ideal-postcodes-autocomplete/-/ideal-postcodes-autocomplete-0.2.1.tgz",
      "integrity": "sha1-5Zhom3ZN1BSqWJyVWt9Yub0ITKg=",
      "requires": {
        "ideal-postcodes-core": "0.3.5"
      }
    },
    "ideal-postcodes-core": {
      "version": "0.3.5",
      "resolved": "https://registry.npmjs.org/ideal-postcodes-core/-/ideal-postcodes-core-0.3.5.tgz",
      "integrity": "sha1-CRCJErIfbsiDamrhdulOsqHFH5I="
    }
  }
}
