langcode: en
status: true
dependencies: {  }
id: member_unlock
label: 'Member Unlock'
default_section_title: 'Coordinated partnership'
default_title: null
description: ''
save_method: end
states:
  - par_data_partnership
  - par_data_coordinated_business
steps:
  1:
    route: par_member_unlock_flows.member_unlock
    form_id: par_member_unlock
    redirect:
      cancel: 2
  2:
    route: view.members_list.member_list_coordinator
